// !$*UTF8*$!
{
	archiveVersion = 1;
	classes = {
	};
	objectVersion = 51;
	objects = {

/* Begin PBXBuildFile section */
		18D922EB35089642E9876D98 /* Pods_Singapore_Travel_Mate.framework in Frameworks */ = {isa = PBXBuildFile; fileRef = 128E37128356071B2FA14C72 /* Pods_Singapore_Travel_Mate.framework */; };
		32F6E0712CAE6F00A4B18C83 /* Pods_Singapore_Travel_Mate_Singapore_Travel_MateUITests.framework in Frameworks */ = {isa = PBXBuildFile; fileRef = C0566F44E3446C78C13D8C9E /* Pods_Singapore_Travel_Mate_Singapore_Travel_MateUITests.framework */; };
		4716CDFD24C9BC1500B894D1 /* ServiceController.m in Sources */ = {isa = PBXBuildFile; fileRef = 4716CDFC24C9BC1500B894D1 /* ServiceController.m */; };
		475B051E24CA0E2500B7F5A5 /* PlaceModel.m in Sources */ = {isa = PBXBuildFile; fileRef = 475B051D24CA0E2500B7F5A5 /* PlaceModel.m */; };
		475B052124CA1AFE00B7F5A5 /* ExploreSingaporeViewModel.m in Sources */ = {isa = PBXBuildFile; fileRef = 475B052024CA1AFE00B7F5A5 /* ExploreSingaporeViewModel.m */; };
		47CFB56B24B9F09D000F20FF /* AppDelegate.m in Sources */ = {isa = PBXBuildFile; fileRef = 47CFB56A24B9F09D000F20FF /* AppDelegate.m */; };
		47CFB56E24B9F09D000F20FF /* SceneDelegate.m in Sources */ = {isa = PBXBuildFile; fileRef = 47CFB56D24B9F09D000F20FF /* SceneDelegate.m */; };
		47CFB57124B9F09D000F20FF /* ExploreSingaporeViewController.m in Sources */ = {isa = PBXBuildFile; fileRef = 47CFB57024B9F09D000F20FF /* ExploreSingaporeViewController.m */; };
		47CFB57424B9F09D000F20FF /* Main.storyboard in Resources */ = {isa = PBXBuildFile; fileRef = 47CFB57224B9F09D000F20FF /* Main.storyboard */; };
		47CFB57624B9F0A5000F20FF /* Assets.xcassets in Resources */ = {isa = PBXBuildFile; fileRef = 47CFB57524B9F0A5000F20FF /* Assets.xcassets */; };
		47CFB57924B9F0A5000F20FF /* LaunchScreen.storyboard in Resources */ = {isa = PBXBuildFile; fileRef = 47CFB57724B9F0A5000F20FF /* LaunchScreen.storyboard */; };
		47CFB57C24B9F0A5000F20FF /* main.m in Sources */ = {isa = PBXBuildFile; fileRef = 47CFB57B24B9F0A5000F20FF /* main.m */; };
		47CFB58624B9F0A7000F20FF /* Singapore_Travel_MateTests.m in Sources */ = {isa = PBXBuildFile; fileRef = 47CFB58524B9F0A7000F20FF /* Singapore_Travel_MateTests.m */; };
		47CFB59124B9F0A7000F20FF /* Singapore_Travel_MateUITests.m in Sources */ = {isa = PBXBuildFile; fileRef = 47CFB59024B9F0A7000F20FF /* Singapore_Travel_MateUITests.m */; };
		47CFB5A024BA0AA2000F20FF /* SingaporeToursimBoardAPI.m in Sources */ = {isa = PBXBuildFile; fileRef = 47CFB59F24BA0AA1000F20FF /* SingaporeToursimBoardAPI.m */; };
		47CFB5A324BA0B60000F20FF /* Place.m in Sources */ = {isa = PBXBuildFile; fileRef = 47CFB5A224BA0B60000F20FF /* Place.m */; };
		47D47C2F24C9A10000024938 /* NSObject+NSURLSession_Protocol.m in Sources */ = {isa = PBXBuildFile; fileRef = 47D47C2E24C9A10000024938 /* NSObject+NSURLSession_Protocol.m */; };
		47E6E14424BDA65F00F158EC /* PlaceTableViewCell.m in Sources */ = {isa = PBXBuildFile; fileRef = 47E6E14324BDA65E00F158EC /* PlaceTableViewCell.m */; };
		5C98C9C4A1B6B5EFCA675929 /* Pods_Singapore_Travel_MateTests.framework in Frameworks */ = {isa = PBXBuildFile; fileRef = DDA9AAA9306869FF5CF49B0F /* Pods_Singapore_Travel_MateTests.framework */; };
/* End PBXBuildFile section */

/* Begin PBXContainerItemProxy section */
		47CFB58224B9F0A7000F20FF /* PBXContainerItemProxy */ = {
			isa = PBXContainerItemProxy;
			containerPortal = 47CFB55E24B9F09C000F20FF /* Project object */;
			proxyType = 1;
			remoteGlobalIDString = 47CFB56524B9F09D000F20FF;
			remoteInfo = "Singapore Travel Mate";
		};
		47CFB58D24B9F0A7000F20FF /* PBXContainerItemProxy */ = {
			isa = PBXContainerItemProxy;
			containerPortal = 47CFB55E24B9F09C000F20FF /* Project object */;
			proxyType = 1;
			remoteGlobalIDString = 47CFB56524B9F09D000F20FF;
			remoteInfo = "Singapore Travel Mate";
		};
/* End PBXContainerItemProxy section */

/* Begin PBXFileReference section */
		128E37128356071B2FA14C72 /* Pods_Singapore_Travel_Mate.framework */ = {isa = PBXFileReference; explicitFileType = wrapper.framework; includeInIndex = 0; path = Pods_Singapore_Travel_Mate.framework; sourceTree = BUILT_PRODUCTS_DIR; };
		4716CDFA24C9BB5600B894D1 /* NSURLSessionProtocol.h */ = {isa = PBXFileReference; lastKnownFileType = sourcecode.c.h; path = NSURLSessionProtocol.h; sourceTree = "<group>"; };
		4716CDFB24C9BC1500B894D1 /* ServiceController.h */ = {isa = PBXFileReference; lastKnownFileType = sourcecode.c.h; path = ServiceController.h; sourceTree = "<group>"; };
		4716CDFC24C9BC1500B894D1 /* ServiceController.m */ = {isa = PBXFileReference; lastKnownFileType = sourcecode.c.objc; path = ServiceController.m; sourceTree = "<group>"; };
		475B051C24CA0E2500B7F5A5 /* PlaceModel.h */ = {isa = PBXFileReference; lastKnownFileType = sourcecode.c.h; path = PlaceModel.h; sourceTree = "<group>"; };
		475B051D24CA0E2500B7F5A5 /* PlaceModel.m */ = {isa = PBXFileReference; lastKnownFileType = sourcecode.c.objc; path = PlaceModel.m; sourceTree = "<group>"; };
		475B051F24CA1AFE00B7F5A5 /* ExploreSingaporeViewModel.h */ = {isa = PBXFileReference; lastKnownFileType = sourcecode.c.h; path = ExploreSingaporeViewModel.h; sourceTree = "<group>"; };
		475B052024CA1AFE00B7F5A5 /* ExploreSingaporeViewModel.m */ = {isa = PBXFileReference; lastKnownFileType = sourcecode.c.objc; path = ExploreSingaporeViewModel.m; sourceTree = "<group>"; };
		475B052224CA1B4F00B7F5A5 /* ExploreSingaporeViewControllerProtocol.h */ = {isa = PBXFileReference; lastKnownFileType = sourcecode.c.h; path = ExploreSingaporeViewControllerProtocol.h; sourceTree = "<group>"; };
		47CFB56624B9F09D000F20FF /* Singapore Travel Mate.app */ = {isa = PBXFileReference; explicitFileType = wrapper.application; includeInIndex = 0; path = "Singapore Travel Mate.app"; sourceTree = BUILT_PRODUCTS_DIR; };
		47CFB56924B9F09D000F20FF /* AppDelegate.h */ = {isa = PBXFileReference; lastKnownFileType = sourcecode.c.h; path = AppDelegate.h; sourceTree = "<group>"; };
		47CFB56A24B9F09D000F20FF /* AppDelegate.m */ = {isa = PBXFileReference; lastKnownFileType = sourcecode.c.objc; path = AppDelegate.m; sourceTree = "<group>"; };
		47CFB56C24B9F09D000F20FF /* SceneDelegate.h */ = {isa = PBXFileReference; lastKnownFileType = sourcecode.c.h; path = SceneDelegate.h; sourceTree = "<group>"; };
		47CFB56D24B9F09D000F20FF /* SceneDelegate.m */ = {isa = PBXFileReference; lastKnownFileType = sourcecode.c.objc; path = SceneDelegate.m; sourceTree = "<group>"; };
		47CFB56F24B9F09D000F20FF /* ExploreSingaporeViewController.h */ = {isa = PBXFileReference; lastKnownFileType = sourcecode.c.h; path = ExploreSingaporeViewController.h; sourceTree = "<group>"; };
		47CFB57024B9F09D000F20FF /* ExploreSingaporeViewController.m */ = {isa = PBXFileReference; lastKnownFileType = sourcecode.c.objc; path = ExploreSingaporeViewController.m; sourceTree = "<group>"; };
		47CFB57324B9F09D000F20FF /* Base */ = {isa = PBXFileReference; lastKnownFileType = file.storyboard; name = Base; path = Base.lproj/Main.storyboard; sourceTree = "<group>"; };
		47CFB57524B9F0A5000F20FF /* Assets.xcassets */ = {isa = PBXFileReference; lastKnownFileType = folder.assetcatalog; path = Assets.xcassets; sourceTree = "<group>"; };
		47CFB57824B9F0A5000F20FF /* Base */ = {isa = PBXFileReference; lastKnownFileType = file.storyboard; name = Base; path = Base.lproj/LaunchScreen.storyboard; sourceTree = "<group>"; };
		47CFB57A24B9F0A5000F20FF /* Info.plist */ = {isa = PBXFileReference; lastKnownFileType = text.plist.xml; path = Info.plist; sourceTree = "<group>"; };
		47CFB57B24B9F0A5000F20FF /* main.m */ = {isa = PBXFileReference; lastKnownFileType = sourcecode.c.objc; path = main.m; sourceTree = "<group>"; };
		47CFB58124B9F0A7000F20FF /* Singapore Travel MateTests.xctest */ = {isa = PBXFileReference; explicitFileType = wrapper.cfbundle; includeInIndex = 0; path = "Singapore Travel MateTests.xctest"; sourceTree = BUILT_PRODUCTS_DIR; };
		47CFB58524B9F0A7000F20FF /* Singapore_Travel_MateTests.m */ = {isa = PBXFileReference; lastKnownFileType = sourcecode.c.objc; path = Singapore_Travel_MateTests.m; sourceTree = "<group>"; };
		47CFB58724B9F0A7000F20FF /* Info.plist */ = {isa = PBXFileReference; lastKnownFileType = text.plist.xml; path = Info.plist; sourceTree = "<group>"; };
		47CFB58C24B9F0A7000F20FF /* Singapore Travel MateUITests.xctest */ = {isa = PBXFileReference; explicitFileType = wrapper.cfbundle; includeInIndex = 0; path = "Singapore Travel MateUITests.xctest"; sourceTree = BUILT_PRODUCTS_DIR; };
		47CFB59024B9F0A7000F20FF /* Singapore_Travel_MateUITests.m */ = {isa = PBXFileReference; lastKnownFileType = sourcecode.c.objc; path = Singapore_Travel_MateUITests.m; sourceTree = "<group>"; };
		47CFB59224B9F0A7000F20FF /* Info.plist */ = {isa = PBXFileReference; lastKnownFileType = text.plist.xml; path = Info.plist; sourceTree = "<group>"; };
		47CFB59E24BA0AA1000F20FF /* SingaporeToursimBoardAPI.h */ = {isa = PBXFileReference; lastKnownFileType = sourcecode.c.h; path = SingaporeToursimBoardAPI.h; sourceTree = "<group>"; };
		47CFB59F24BA0AA1000F20FF /* SingaporeToursimBoardAPI.m */ = {isa = PBXFileReference; lastKnownFileType = sourcecode.c.objc; path = SingaporeToursimBoardAPI.m; sourceTree = "<group>"; };
		47CFB5A124BA0B60000F20FF /* Place.h */ = {isa = PBXFileReference; lastKnownFileType = sourcecode.c.h; path = Place.h; sourceTree = "<group>"; };
		47CFB5A224BA0B60000F20FF /* Place.m */ = {isa = PBXFileReference; lastKnownFileType = sourcecode.c.objc; path = Place.m; sourceTree = "<group>"; };
		47D47C2D24C9A10000024938 /* NSObject+NSURLSession_Protocol.h */ = {isa = PBXFileReference; lastKnownFileType = sourcecode.c.h; path = "NSObject+NSURLSession_Protocol.h"; sourceTree = "<group>"; };
		47D47C2E24C9A10000024938 /* NSObject+NSURLSession_Protocol.m */ = {isa = PBXFileReference; lastKnownFileType = sourcecode.c.objc; path = "NSObject+NSURLSession_Protocol.m"; sourceTree = "<group>"; };
		47E6E14224BDA65E00F158EC /* PlaceTableViewCell.h */ = {isa = PBXFileReference; lastKnownFileType = sourcecode.c.h; path = PlaceTableViewCell.h; sourceTree = "<group>"; };
		47E6E14324BDA65E00F158EC /* PlaceTableViewCell.m */ = {isa = PBXFileReference; lastKnownFileType = sourcecode.c.objc; path = PlaceTableViewCell.m; sourceTree = "<group>"; };
		601DE5D5BF92BF8B84AAA879 /* Pods-Singapore Travel Mate.debug.xcconfig */ = {isa = PBXFileReference; includeInIndex = 1; lastKnownFileType = text.xcconfig; name = "Pods-Singapore Travel Mate.debug.xcconfig"; path = "Target Support Files/Pods-Singapore Travel Mate/Pods-Singapore Travel Mate.debug.xcconfig"; sourceTree = "<group>"; };
		669E2EDAE25B7475EB43487D /* Pods-Singapore Travel Mate-Singapore Travel MateUITests.debug.xcconfig */ = {isa = PBXFileReference; includeInIndex = 1; lastKnownFileType = text.xcconfig; name = "Pods-Singapore Travel Mate-Singapore Travel MateUITests.debug.xcconfig"; path = "Target Support Files/Pods-Singapore Travel Mate-Singapore Travel MateUITests/Pods-Singapore Travel Mate-Singapore Travel MateUITests.debug.xcconfig"; sourceTree = "<group>"; };
		C0566F44E3446C78C13D8C9E /* Pods_Singapore_Travel_Mate_Singapore_Travel_MateUITests.framework */ = {isa = PBXFileReference; explicitFileType = wrapper.framework; includeInIndex = 0; path = Pods_Singapore_Travel_Mate_Singapore_Travel_MateUITests.framework; sourceTree = BUILT_PRODUCTS_DIR; };
		CC8A2E0E87E9B191A2E94214 /* Pods-Singapore Travel Mate-Singapore Travel MateUITests.release.xcconfig */ = {isa = PBXFileReference; includeInIndex = 1; lastKnownFileType = text.xcconfig; name = "Pods-Singapore Travel Mate-Singapore Travel MateUITests.release.xcconfig"; path = "Target Support Files/Pods-Singapore Travel Mate-Singapore Travel MateUITests/Pods-Singapore Travel Mate-Singapore Travel MateUITests.release.xcconfig"; sourceTree = "<group>"; };
		DDA9AAA9306869FF5CF49B0F /* Pods_Singapore_Travel_MateTests.framework */ = {isa = PBXFileReference; explicitFileType = wrapper.framework; includeInIndex = 0; path = Pods_Singapore_Travel_MateTests.framework; sourceTree = BUILT_PRODUCTS_DIR; };
		DE397E75C69724BB54145144 /* Pods-Singapore Travel Mate.release.xcconfig */ = {isa = PBXFileReference; includeInIndex = 1; lastKnownFileType = text.xcconfig; name = "Pods-Singapore Travel Mate.release.xcconfig"; path = "Target Support Files/Pods-Singapore Travel Mate/Pods-Singapore Travel Mate.release.xcconfig"; sourceTree = "<group>"; };
		F3AB011A3DA6A159F0BF4466 /* Pods-Singapore Travel MateTests.release.xcconfig */ = {isa = PBXFileReference; includeInIndex = 1; lastKnownFileType = text.xcconfig; name = "Pods-Singapore Travel MateTests.release.xcconfig"; path = "Target Support Files/Pods-Singapore Travel MateTests/Pods-Singapore Travel MateTests.release.xcconfig"; sourceTree = "<group>"; };
		F40C28ACA6E853BBF6B28F24 /* Pods-Singapore Travel MateTests.debug.xcconfig */ = {isa = PBXFileReference; includeInIndex = 1; lastKnownFileType = text.xcconfig; name = "Pods-Singapore Travel MateTests.debug.xcconfig"; path = "Target Support Files/Pods-Singapore Travel MateTests/Pods-Singapore Travel MateTests.debug.xcconfig"; sourceTree = "<group>"; };
/* End PBXFileReference section */

/* Begin PBXFrameworksBuildPhase section */
		47CFB56324B9F09D000F20FF /* Frameworks */ = {
			isa = PBXFrameworksBuildPhase;
			buildActionMask = 2147483647;
			files = (
				18D922EB35089642E9876D98 /* Pods_Singapore_Travel_Mate.framework in Frameworks */,
			);
			runOnlyForDeploymentPostprocessing = 0;
		};
		47CFB57E24B9F0A7000F20FF /* Frameworks */ = {
			isa = PBXFrameworksBuildPhase;
			buildActionMask = 2147483647;
			files = (
				5C98C9C4A1B6B5EFCA675929 /* Pods_Singapore_Travel_MateTests.framework in Frameworks */,
			);
			runOnlyForDeploymentPostprocessing = 0;
		};
		47CFB58924B9F0A7000F20FF /* Frameworks */ = {
			isa = PBXFrameworksBuildPhase;
			buildActionMask = 2147483647;
			files = (
				32F6E0712CAE6F00A4B18C83 /* Pods_Singapore_Travel_Mate_Singapore_Travel_MateUITests.framework in Frameworks */,
			);
			runOnlyForDeploymentPostprocessing = 0;
		};
/* End PBXFrameworksBuildPhase section */

/* Begin PBXGroup section */
		0C903F5E2AFAA1738071061E /* Frameworks */ = {
			isa = PBXGroup;
			children = (
				128E37128356071B2FA14C72 /* Pods_Singapore_Travel_Mate.framework */,
				C0566F44E3446C78C13D8C9E /* Pods_Singapore_Travel_Mate_Singapore_Travel_MateUITests.framework */,
				DDA9AAA9306869FF5CF49B0F /* Pods_Singapore_Travel_MateTests.framework */,
			);
			name = Frameworks;
			sourceTree = "<group>";
		};
		165C8EADB1EEA307CEFAE7ED /* Pods */ = {
			isa = PBXGroup;
			children = (
				601DE5D5BF92BF8B84AAA879 /* Pods-Singapore Travel Mate.debug.xcconfig */,
				DE397E75C69724BB54145144 /* Pods-Singapore Travel Mate.release.xcconfig */,
				669E2EDAE25B7475EB43487D /* Pods-Singapore Travel Mate-Singapore Travel MateUITests.debug.xcconfig */,
				CC8A2E0E87E9B191A2E94214 /* Pods-Singapore Travel Mate-Singapore Travel MateUITests.release.xcconfig */,
				F40C28ACA6E853BBF6B28F24 /* Pods-Singapore Travel MateTests.debug.xcconfig */,
				F3AB011A3DA6A159F0BF4466 /* Pods-Singapore Travel MateTests.release.xcconfig */,
			);
			path = Pods;
			sourceTree = "<group>";
		};
		475B052324CA1D2E00B7F5A5 /* Explore Singapore Tab */ = {
			isa = PBXGroup;
			children = (
				475B052724CA1DD500B7F5A5 /* Protocols */,
				475B052624CA1D7E00B7F5A5 /* View Model */,
				475B052524CA1D6100B7F5A5 /* View */,
				475B052424CA1D4700B7F5A5 /* Model */,
			);
			path = "Explore Singapore Tab";
			sourceTree = "<group>";
		};
		475B052424CA1D4700B7F5A5 /* Model */ = {
			isa = PBXGroup;
			children = (
				47CFB5A124BA0B60000F20FF /* Place.h */,
				47CFB5A224BA0B60000F20FF /* Place.m */,
				475B051C24CA0E2500B7F5A5 /* PlaceModel.h */,
				475B051D24CA0E2500B7F5A5 /* PlaceModel.m */,
			);
			path = Model;
			sourceTree = "<group>";
		};
		475B052524CA1D6100B7F5A5 /* View */ = {
			isa = PBXGroup;
			children = (
				47E6E14224BDA65E00F158EC /* PlaceTableViewCell.h */,
				47E6E14324BDA65E00F158EC /* PlaceTableViewCell.m */,
				47CFB56F24B9F09D000F20FF /* ExploreSingaporeViewController.h */,
				47CFB57024B9F09D000F20FF /* ExploreSingaporeViewController.m */,
			);
			path = View;
			sourceTree = "<group>";
		};
		475B052624CA1D7E00B7F5A5 /* View Model */ = {
			isa = PBXGroup;
			children = (
				475B051F24CA1AFE00B7F5A5 /* ExploreSingaporeViewModel.h */,
				475B052024CA1AFE00B7F5A5 /* ExploreSingaporeViewModel.m */,
			);
			path = "View Model";
			sourceTree = "<group>";
		};
		475B052724CA1DD500B7F5A5 /* Protocols */ = {
			isa = PBXGroup;
			children = (
				47D47C2D24C9A10000024938 /* NSObject+NSURLSession_Protocol.h */,
				47D47C2E24C9A10000024938 /* NSObject+NSURLSession_Protocol.m */,
				4716CDFA24C9BB5600B894D1 /* NSURLSessionProtocol.h */,
				475B052224CA1B4F00B7F5A5 /* ExploreSingaporeViewControllerProtocol.h */,
			);
			path = Protocols;
			sourceTree = "<group>";
		};
		47CFB55D24B9F09C000F20FF = {
			isa = PBXGroup;
			children = (
				47CFB56824B9F09D000F20FF /* Singapore Travel Mate */,
				47CFB58424B9F0A7000F20FF /* Singapore Travel MateTests */,
				47CFB58F24B9F0A7000F20FF /* Singapore Travel MateUITests */,
				47CFB56724B9F09D000F20FF /* Products */,
				165C8EADB1EEA307CEFAE7ED /* Pods */,
				0C903F5E2AFAA1738071061E /* Frameworks */,
			);
			sourceTree = "<group>";
		};
		47CFB56724B9F09D000F20FF /* Products */ = {
			isa = PBXGroup;
			children = (
				47CFB56624B9F09D000F20FF /* Singapore Travel Mate.app */,
				47CFB58124B9F0A7000F20FF /* Singapore Travel MateTests.xctest */,
				47CFB58C24B9F0A7000F20FF /* Singapore Travel MateUITests.xctest */,
			);
			name = Products;
			sourceTree = "<group>";
		};
		47CFB56824B9F09D000F20FF /* Singapore Travel Mate */ = {
			isa = PBXGroup;
			children = (
				47CFB56924B9F09D000F20FF /* AppDelegate.h */,
				47CFB56A24B9F09D000F20FF /* AppDelegate.m */,
				47CFB56C24B9F09D000F20FF /* SceneDelegate.h */,
				47CFB56D24B9F09D000F20FF /* SceneDelegate.m */,
				47CFB57224B9F09D000F20FF /* Main.storyboard */,
				47CFB57524B9F0A5000F20FF /* Assets.xcassets */,
				47CFB57724B9F0A5000F20FF /* LaunchScreen.storyboard */,
				47CFB57A24B9F0A5000F20FF /* Info.plist */,
				47CFB57B24B9F0A5000F20FF /* main.m */,
				475B052324CA1D2E00B7F5A5 /* Explore Singapore Tab */,
				47CFB59E24BA0AA1000F20FF /* SingaporeToursimBoardAPI.h */,
				47CFB59F24BA0AA1000F20FF /* SingaporeToursimBoardAPI.m */,
				4716CDFB24C9BC1500B894D1 /* ServiceController.h */,
				4716CDFC24C9BC1500B894D1 /* ServiceController.m */,
			);
			path = "Singapore Travel Mate";
			sourceTree = "<group>";
		};
		47CFB58424B9F0A7000F20FF /* Singapore Travel MateTests */ = {
			isa = PBXGroup;
			children = (
				47CFB58524B9F0A7000F20FF /* Singapore_Travel_MateTests.m */,
				47CFB58724B9F0A7000F20FF /* Info.plist */,
			);
			path = "Singapore Travel MateTests";
			sourceTree = "<group>";
		};
		47CFB58F24B9F0A7000F20FF /* Singapore Travel MateUITests */ = {
			isa = PBXGroup;
			children = (
				47CFB59024B9F0A7000F20FF /* Singapore_Travel_MateUITests.m */,
				47CFB59224B9F0A7000F20FF /* Info.plist */,
			);
			path = "Singapore Travel MateUITests";
			sourceTree = "<group>";
		};
/* End PBXGroup section */

/* Begin PBXNativeTarget section */
		47CFB56524B9F09D000F20FF /* Singapore Travel Mate */ = {
			isa = PBXNativeTarget;
			buildConfigurationList = 47CFB59524B9F0A7000F20FF /* Build configuration list for PBXNativeTarget "Singapore Travel Mate" */;
			buildPhases = (
				529B52AA5433EEB88687FAB9 /* [CP] Check Pods Manifest.lock */,
				47CFB56224B9F09D000F20FF /* Sources */,
				47CFB56324B9F09D000F20FF /* Frameworks */,
				47CFB56424B9F09D000F20FF /* Resources */,
				39EABCAC3A3EF6C4FB7FDBB5 /* [CP] Copy Pods Resources */,
				203EA855A933D74CFC80A067 /* [CP] Embed Pods Frameworks */,
			);
			buildRules = (
			);
			dependencies = (
			);
			name = "Singapore Travel Mate";
			productName = "Singapore Travel Mate";
			productReference = 47CFB56624B9F09D000F20FF /* Singapore Travel Mate.app */;
			productType = "com.apple.product-type.application";
		};
		47CFB58024B9F0A7000F20FF /* Singapore Travel MateTests */ = {
			isa = PBXNativeTarget;
			buildConfigurationList = 47CFB59824B9F0A7000F20FF /* Build configuration list for PBXNativeTarget "Singapore Travel MateTests" */;
			buildPhases = (
				00DC04DA597D344216AC5B08 /* [CP] Check Pods Manifest.lock */,
				47CFB57D24B9F0A7000F20FF /* Sources */,
				47CFB57E24B9F0A7000F20FF /* Frameworks */,
				47CFB57F24B9F0A7000F20FF /* Resources */,
			);
			buildRules = (
			);
			dependencies = (
				47CFB58324B9F0A7000F20FF /* PBXTargetDependency */,
			);
			name = "Singapore Travel MateTests";
			productName = "Singapore Travel MateTests";
			productReference = 47CFB58124B9F0A7000F20FF /* Singapore Travel MateTests.xctest */;
			productType = "com.apple.product-type.bundle.unit-test";
		};
		47CFB58B24B9F0A7000F20FF /* Singapore Travel MateUITests */ = {
			isa = PBXNativeTarget;
			buildConfigurationList = 47CFB59B24B9F0A7000F20FF /* Build configuration list for PBXNativeTarget "Singapore Travel MateUITests" */;
			buildPhases = (
				1F5560257F004FBBE0C15384 /* [CP] Check Pods Manifest.lock */,
				47CFB58824B9F0A7000F20FF /* Sources */,
				47CFB58924B9F0A7000F20FF /* Frameworks */,
				47CFB58A24B9F0A7000F20FF /* Resources */,
				1BBDED63FDC377BF7E798F30 /* [CP] Copy Pods Resources */,
				8F5A4986995D5E82B2D8FD15 /* [CP] Embed Pods Frameworks */,
			);
			buildRules = (
			);
			dependencies = (
				47CFB58E24B9F0A7000F20FF /* PBXTargetDependency */,
			);
			name = "Singapore Travel MateUITests";
			productName = "Singapore Travel MateUITests";
			productReference = 47CFB58C24B9F0A7000F20FF /* Singapore Travel MateUITests.xctest */;
			productType = "com.apple.product-type.bundle.ui-testing";
		};
/* End PBXNativeTarget section */

/* Begin PBXProject section */
		47CFB55E24B9F09C000F20FF /* Project object */ = {
			isa = PBXProject;
			attributes = {
				LastUpgradeCheck = 1200;
				ORGANIZATIONNAME = "Shrikant Chidgopkar";
				TargetAttributes = {
					47CFB56524B9F09D000F20FF = {
						CreatedOnToolsVersion = 11.5;
					};
					47CFB58024B9F0A7000F20FF = {
						CreatedOnToolsVersion = 11.5;
						TestTargetID = 47CFB56524B9F09D000F20FF;
					};
					47CFB58B24B9F0A7000F20FF = {
						CreatedOnToolsVersion = 11.5;
						TestTargetID = 47CFB56524B9F09D000F20FF;
					};
				};
			};
			buildConfigurationList = 47CFB56124B9F09C000F20FF /* Build configuration list for PBXProject "Singapore Travel Mate" */;
			compatibilityVersion = "Xcode 9.3";
			developmentRegion = en;
			hasScannedForEncodings = 0;
			knownRegions = (
				en,
				Base,
			);
			mainGroup = 47CFB55D24B9F09C000F20FF;
			productRefGroup = 47CFB56724B9F09D000F20FF /* Products */;
			projectDirPath = "";
			projectRoot = "";
			targets = (
				47CFB56524B9F09D000F20FF /* Singapore Travel Mate */,
				47CFB58024B9F0A7000F20FF /* Singapore Travel MateTests */,
				47CFB58B24B9F0A7000F20FF /* Singapore Travel MateUITests */,
			);
		};
/* End PBXProject section */

/* Begin PBXResourcesBuildPhase section */
		47CFB56424B9F09D000F20FF /* Resources */ = {
			isa = PBXResourcesBuildPhase;
			buildActionMask = 2147483647;
			files = (
				47CFB57924B9F0A5000F20FF /* LaunchScreen.storyboard in Resources */,
				47CFB57624B9F0A5000F20FF /* Assets.xcassets in Resources */,
				47CFB57424B9F09D000F20FF /* Main.storyboard in Resources */,
			);
			runOnlyForDeploymentPostprocessing = 0;
		};
		47CFB57F24B9F0A7000F20FF /* Resources */ = {
			isa = PBXResourcesBuildPhase;
			buildActionMask = 2147483647;
			files = (
			);
			runOnlyForDeploymentPostprocessing = 0;
		};
		47CFB58A24B9F0A7000F20FF /* Resources */ = {
			isa = PBXResourcesBuildPhase;
			buildActionMask = 2147483647;
			files = (
			);
			runOnlyForDeploymentPostprocessing = 0;
		};
/* End PBXResourcesBuildPhase section */

/* Begin PBXShellScriptBuildPhase section */
		00DC04DA597D344216AC5B08 /* [CP] Check Pods Manifest.lock */ = {
			isa = PBXShellScriptBuildPhase;
			buildActionMask = 2147483647;
			files = (
			);
			inputFileListPaths = (
			);
			inputPaths = (
				"${PODS_PODFILE_DIR_PATH}/Podfile.lock",
				"${PODS_ROOT}/Manifest.lock",
			);
			name = "[CP] Check Pods Manifest.lock";
			outputFileListPaths = (
			);
			outputPaths = (
				"$(DERIVED_FILE_DIR)/Pods-Singapore Travel MateTests-checkManifestLockResult.txt",
			);
			runOnlyForDeploymentPostprocessing = 0;
			shellPath = /bin/sh;
			shellScript = "diff \"${PODS_PODFILE_DIR_PATH}/Podfile.lock\" \"${PODS_ROOT}/Manifest.lock\" > /dev/null\nif [ $? != 0 ] ; then\n    # print error to STDERR\n    echo \"error: The sandbox is not in sync with the Podfile.lock. Run 'pod install' or update your CocoaPods installation.\" >&2\n    exit 1\nfi\n# This output is used by Xcode 'outputs' to avoid re-running this script phase.\necho \"SUCCESS\" > \"${SCRIPT_OUTPUT_FILE_0}\"\n";
			showEnvVarsInLog = 0;
		};
		1BBDED63FDC377BF7E798F30 /* [CP] Copy Pods Resources */ = {
			isa = PBXShellScriptBuildPhase;
			buildActionMask = 2147483647;
			files = (
			);
			inputFileListPaths = (
				"${PODS_ROOT}/Target Support Files/Pods-Singapore Travel Mate-Singapore Travel MateUITests/Pods-Singapore Travel Mate-Singapore Travel MateUITests-resources-${CONFIGURATION}-input-files.xcfilelist",
			);
			name = "[CP] Copy Pods Resources";
			outputFileListPaths = (
				"${PODS_ROOT}/Target Support Files/Pods-Singapore Travel Mate-Singapore Travel MateUITests/Pods-Singapore Travel Mate-Singapore Travel MateUITests-resources-${CONFIGURATION}-output-files.xcfilelist",
			);
			runOnlyForDeploymentPostprocessing = 0;
			shellPath = /bin/sh;
			shellScript = "\"${PODS_ROOT}/Target Support Files/Pods-Singapore Travel Mate-Singapore Travel MateUITests/Pods-Singapore Travel Mate-Singapore Travel MateUITests-resources.sh\"\n";
			showEnvVarsInLog = 0;
		};
		1F5560257F004FBBE0C15384 /* [CP] Check Pods Manifest.lock */ = {
			isa = PBXShellScriptBuildPhase;
			buildActionMask = 2147483647;
			files = (
			);
			inputFileListPaths = (
			);
			inputPaths = (
				"${PODS_PODFILE_DIR_PATH}/Podfile.lock",
				"${PODS_ROOT}/Manifest.lock",
			);
			name = "[CP] Check Pods Manifest.lock";
			outputFileListPaths = (
			);
			outputPaths = (
				"$(DERIVED_FILE_DIR)/Pods-Singapore Travel Mate-Singapore Travel MateUITests-checkManifestLockResult.txt",
			);
			runOnlyForDeploymentPostprocessing = 0;
			shellPath = /bin/sh;
			shellScript = "diff \"${PODS_PODFILE_DIR_PATH}/Podfile.lock\" \"${PODS_ROOT}/Manifest.lock\" > /dev/null\nif [ $? != 0 ] ; then\n    # print error to STDERR\n    echo \"error: The sandbox is not in sync with the Podfile.lock. Run 'pod install' or update your CocoaPods installation.\" >&2\n    exit 1\nfi\n# This output is used by Xcode 'outputs' to avoid re-running this script phase.\necho \"SUCCESS\" > \"${SCRIPT_OUTPUT_FILE_0}\"\n";
			showEnvVarsInLog = 0;
		};
		203EA855A933D74CFC80A067 /* [CP] Embed Pods Frameworks */ = {
			isa = PBXShellScriptBuildPhase;
			buildActionMask = 2147483647;
			files = (
			);
			inputFileListPaths = (
				"${PODS_ROOT}/Target Support Files/Pods-Singapore Travel Mate/Pods-Singapore Travel Mate-frameworks-${CONFIGURATION}-input-files.xcfilelist",
			);
			name = "[CP] Embed Pods Frameworks";
			outputFileListPaths = (
				"${PODS_ROOT}/Target Support Files/Pods-Singapore Travel Mate/Pods-Singapore Travel Mate-frameworks-${CONFIGURATION}-output-files.xcfilelist",
			);
			runOnlyForDeploymentPostprocessing = 0;
			shellPath = /bin/sh;
			shellScript = "\"${PODS_ROOT}/Target Support Files/Pods-Singapore Travel Mate/Pods-Singapore Travel Mate-frameworks.sh\"\n";
			showEnvVarsInLog = 0;
		};
		39EABCAC3A3EF6C4FB7FDBB5 /* [CP] Copy Pods Resources */ = {
			isa = PBXShellScriptBuildPhase;
			buildActionMask = 2147483647;
			files = (
			);
			inputFileListPaths = (
				"${PODS_ROOT}/Target Support Files/Pods-Singapore Travel Mate/Pods-Singapore Travel Mate-resources-${CONFIGURATION}-input-files.xcfilelist",
			);
			name = "[CP] Copy Pods Resources";
			outputFileListPaths = (
				"${PODS_ROOT}/Target Support Files/Pods-Singapore Travel Mate/Pods-Singapore Travel Mate-resources-${CONFIGURATION}-output-files.xcfilelist",
			);
			runOnlyForDeploymentPostprocessing = 0;
			shellPath = /bin/sh;
			shellScript = "\"${PODS_ROOT}/Target Support Files/Pods-Singapore Travel Mate/Pods-Singapore Travel Mate-resources.sh\"\n";
			showEnvVarsInLog = 0;
		};
		529B52AA5433EEB88687FAB9 /* [CP] Check Pods Manifest.lock */ = {
			isa = PBXShellScriptBuildPhase;
			buildActionMask = 2147483647;
			files = (
			);
			inputFileListPaths = (
			);
			inputPaths = (
				"${PODS_PODFILE_DIR_PATH}/Podfile.lock",
				"${PODS_ROOT}/Manifest.lock",
			);
			name = "[CP] Check Pods Manifest.lock";
			outputFileListPaths = (
			);
			outputPaths = (
				"$(DERIVED_FILE_DIR)/Pods-Singapore Travel Mate-checkManifestLockResult.txt",
			);
			runOnlyForDeploymentPostprocessing = 0;
			shellPath = /bin/sh;
			shellScript = "diff \"${PODS_PODFILE_DIR_PATH}/Podfile.lock\" \"${PODS_ROOT}/Manifest.lock\" > /dev/null\nif [ $? != 0 ] ; then\n    # print error to STDERR\n    echo \"error: The sandbox is not in sync with the Podfile.lock. Run 'pod install' or update your CocoaPods installation.\" >&2\n    exit 1\nfi\n# This output is used by Xcode 'outputs' to avoid re-running this script phase.\necho \"SUCCESS\" > \"${SCRIPT_OUTPUT_FILE_0}\"\n";
			showEnvVarsInLog = 0;
		};
		8F5A4986995D5E82B2D8FD15 /* [CP] Embed Pods Frameworks */ = {
			isa = PBXShellScriptBuildPhase;
			buildActionMask = 2147483647;
			files = (
			);
			inputFileListPaths = (
				"${PODS_ROOT}/Target Support Files/Pods-Singapore Travel Mate-Singapore Travel MateUITests/Pods-Singapore Travel Mate-Singapore Travel MateUITests-frameworks-${CONFIGURATION}-input-files.xcfilelist",
			);
			name = "[CP] Embed Pods Frameworks";
			outputFileListPaths = (
				"${PODS_ROOT}/Target Support Files/Pods-Singapore Travel Mate-Singapore Travel MateUITests/Pods-Singapore Travel Mate-Singapore Travel MateUITests-frameworks-${CONFIGURATION}-output-files.xcfilelist",
			);
			runOnlyForDeploymentPostprocessing = 0;
			shellPath = /bin/sh;
			shellScript = "\"${PODS_ROOT}/Target Support Files/Pods-Singapore Travel Mate-Singapore Travel MateUITests/Pods-Singapore Travel Mate-Singapore Travel MateUITests-frameworks.sh\"\n";
			showEnvVarsInLog = 0;
		};
/* End PBXShellScriptBuildPhase section */

/* Begin PBXSourcesBuildPhase section */
		47CFB56224B9F09D000F20FF /* Sources */ = {
			isa = PBXSourcesBuildPhase;
			buildActionMask = 2147483647;
			files = (
				47CFB57124B9F09D000F20FF /* ExploreSingaporeViewController.m in Sources */,
				47CFB5A024BA0AA2000F20FF /* SingaporeToursimBoardAPI.m in Sources */,
				4716CDFD24C9BC1500B894D1 /* ServiceController.m in Sources */,
				475B051E24CA0E2500B7F5A5 /* PlaceModel.m in Sources */,
				47CFB56B24B9F09D000F20FF /* AppDelegate.m in Sources */,
				47CFB5A324BA0B60000F20FF /* Place.m in Sources */,
				475B052124CA1AFE00B7F5A5 /* ExploreSingaporeViewModel.m in Sources */,
				47E6E14424BDA65F00F158EC /* PlaceTableViewCell.m in Sources */,
				47CFB57C24B9F0A5000F20FF /* main.m in Sources */,
				47D47C2F24C9A10000024938 /* NSObject+NSURLSession_Protocol.m in Sources */,
				47CFB56E24B9F09D000F20FF /* SceneDelegate.m in Sources */,
			);
			runOnlyForDeploymentPostprocessing = 0;
		};
		47CFB57D24B9F0A7000F20FF /* Sources */ = {
			isa = PBXSourcesBuildPhase;
			buildActionMask = 2147483647;
			files = (
				47CFB58624B9F0A7000F20FF /* Singapore_Travel_MateTests.m in Sources */,
			);
			runOnlyForDeploymentPostprocessing = 0;
		};
		47CFB58824B9F0A7000F20FF /* Sources */ = {
			isa = PBXSourcesBuildPhase;
			buildActionMask = 2147483647;
			files = (
				47CFB59124B9F0A7000F20FF /* Singapore_Travel_MateUITests.m in Sources */,
			);
			runOnlyForDeploymentPostprocessing = 0;
		};
/* End PBXSourcesBuildPhase section */

/* Begin PBXTargetDependency section */
		47CFB58324B9F0A7000F20FF /* PBXTargetDependency */ = {
			isa = PBXTargetDependency;
			target = 47CFB56524B9F09D000F20FF /* Singapore Travel Mate */;
			targetProxy = 47CFB58224B9F0A7000F20FF /* PBXContainerItemProxy */;
		};
		47CFB58E24B9F0A7000F20FF /* PBXTargetDependency */ = {
			isa = PBXTargetDependency;
			target = 47CFB56524B9F09D000F20FF /* Singapore Travel Mate */;
			targetProxy = 47CFB58D24B9F0A7000F20FF /* PBXContainerItemProxy */;
		};
/* End PBXTargetDependency section */

/* Begin PBXVariantGroup section */
		47CFB57224B9F09D000F20FF /* Main.storyboard */ = {
			isa = PBXVariantGroup;
			children = (
				47CFB57324B9F09D000F20FF /* Base */,
			);
			name = Main.storyboard;
			sourceTree = "<group>";
		};
		47CFB57724B9F0A5000F20FF /* LaunchScreen.storyboard */ = {
			isa = PBXVariantGroup;
			children = (
				47CFB57824B9F0A5000F20FF /* Base */,
			);
			name = LaunchScreen.storyboard;
			sourceTree = "<group>";
		};
/* End PBXVariantGroup section */

/* Begin XCBuildConfiguration section */
		47CFB59324B9F0A7000F20FF /* Debug */ = {
			isa = XCBuildConfiguration;
			buildSettings = {
				ALWAYS_SEARCH_USER_PATHS = NO;
				CLANG_ANALYZER_NONNULL = YES;
				CLANG_ANALYZER_NUMBER_OBJECT_CONVERSION = YES_AGGRESSIVE;
				CLANG_CXX_LANGUAGE_STANDARD = "gnu++14";
				CLANG_CXX_LIBRARY = "libc++";
				CLANG_ENABLE_MODULES = YES;
				CLANG_ENABLE_OBJC_ARC = YES;
				CLANG_ENABLE_OBJC_WEAK = YES;
				CLANG_WARN_BLOCK_CAPTURE_AUTORELEASING = YES;
				CLANG_WARN_BOOL_CONVERSION = YES;
				CLANG_WARN_COMMA = YES;
				CLANG_WARN_CONSTANT_CONVERSION = YES;
				CLANG_WARN_DEPRECATED_OBJC_IMPLEMENTATIONS = YES;
				CLANG_WARN_DIRECT_OBJC_ISA_USAGE = YES_ERROR;
				CLANG_WARN_DOCUMENTATION_COMMENTS = YES;
				CLANG_WARN_EMPTY_BODY = YES;
				CLANG_WARN_ENUM_CONVERSION = YES;
				CLANG_WARN_INFINITE_RECURSION = YES;
				CLANG_WARN_INT_CONVERSION = YES;
				CLANG_WARN_NON_LITERAL_NULL_CONVERSION = YES;
				CLANG_WARN_OBJC_IMPLICIT_RETAIN_SELF = YES;
				CLANG_WARN_OBJC_LITERAL_CONVERSION = YES;
				CLANG_WARN_OBJC_ROOT_CLASS = YES_ERROR;
				CLANG_WARN_QUOTED_INCLUDE_IN_FRAMEWORK_HEADER = YES;
				CLANG_WARN_RANGE_LOOP_ANALYSIS = YES;
				CLANG_WARN_STRICT_PROTOTYPES = YES;
				CLANG_WARN_SUSPICIOUS_MOVE = YES;
				CLANG_WARN_UNGUARDED_AVAILABILITY = YES_AGGRESSIVE;
				CLANG_WARN_UNREACHABLE_CODE = YES;
				CLANG_WARN__DUPLICATE_METHOD_MATCH = YES;
				COPY_PHASE_STRIP = NO;
				DEBUG_INFORMATION_FORMAT = dwarf;
				ENABLE_STRICT_OBJC_MSGSEND = YES;
				ENABLE_TESTABILITY = YES;
				GCC_C_LANGUAGE_STANDARD = gnu11;
				GCC_DYNAMIC_NO_PIC = NO;
				GCC_NO_COMMON_BLOCKS = YES;
				GCC_OPTIMIZATION_LEVEL = 0;
				GCC_PREPROCESSOR_DEFINITIONS = (
					"DEBUG=1",
					"$(inherited)",
				);
				GCC_WARN_64_TO_32_BIT_CONVERSION = YES;
				GCC_WARN_ABOUT_RETURN_TYPE = YES_ERROR;
				GCC_WARN_UNDECLARED_SELECTOR = YES;
				GCC_WARN_UNINITIALIZED_AUTOS = YES_AGGRESSIVE;
				GCC_WARN_UNUSED_FUNCTION = YES;
				GCC_WARN_UNUSED_VARIABLE = YES;
				IPHONEOS_DEPLOYMENT_TARGET = 13.5;
				MTL_ENABLE_DEBUG_INFO = INCLUDE_SOURCE;
				MTL_FAST_MATH = YES;
				ONLY_ACTIVE_ARCH = YES;
				SDKROOT = iphoneos;
			};
			name = Debug;
		};
		47CFB59424B9F0A7000F20FF /* Release */ = {
			isa = XCBuildConfiguration;
			buildSettings = {
				ALWAYS_SEARCH_USER_PATHS = NO;
				CLANG_ANALYZER_NONNULL = YES;
				CLANG_ANALYZER_NUMBER_OBJECT_CONVERSION = YES_AGGRESSIVE;
				CLANG_CXX_LANGUAGE_STANDARD = "gnu++14";
				CLANG_CXX_LIBRARY = "libc++";
				CLANG_ENABLE_MODULES = YES;
				CLANG_ENABLE_OBJC_ARC = YES;
				CLANG_ENABLE_OBJC_WEAK = YES;
				CLANG_WARN_BLOCK_CAPTURE_AUTORELEASING = YES;
				CLANG_WARN_BOOL_CONVERSION = YES;
				CLANG_WARN_COMMA = YES;
				CLANG_WARN_CONSTANT_CONVERSION = YES;
				CLANG_WARN_DEPRECATED_OBJC_IMPLEMENTATIONS = YES;
				CLANG_WARN_DIRECT_OBJC_ISA_USAGE = YES_ERROR;
				CLANG_WARN_DOCUMENTATION_COMMENTS = YES;
				CLANG_WARN_EMPTY_BODY = YES;
				CLANG_WARN_ENUM_CONVERSION = YES;
				CLANG_WARN_INFINITE_RECURSION = YES;
				CLANG_WARN_INT_CONVERSION = YES;
				CLANG_WARN_NON_LITERAL_NULL_CONVERSION = YES;
				CLANG_WARN_OBJC_IMPLICIT_RETAIN_SELF = YES;
				CLANG_WARN_OBJC_LITERAL_CONVERSION = YES;
				CLANG_WARN_OBJC_ROOT_CLASS = YES_ERROR;
				CLANG_WARN_QUOTED_INCLUDE_IN_FRAMEWORK_HEADER = YES;
				CLANG_WARN_RANGE_LOOP_ANALYSIS = YES;
				CLANG_WARN_STRICT_PROTOTYPES = YES;
				CLANG_WARN_SUSPICIOUS_MOVE = YES;
				CLANG_WARN_UNGUARDED_AVAILABILITY = YES_AGGRESSIVE;
				CLANG_WARN_UNREACHABLE_CODE = YES;
				CLANG_WARN__DUPLICATE_METHOD_MATCH = YES;
				COPY_PHASE_STRIP = NO;
				DEBUG_INFORMATION_FORMAT = "dwarf-with-dsym";
				ENABLE_NS_ASSERTIONS = NO;
				ENABLE_STRICT_OBJC_MSGSEND = YES;
				GCC_C_LANGUAGE_STANDARD = gnu11;
				GCC_NO_COMMON_BLOCKS = YES;
				GCC_WARN_64_TO_32_BIT_CONVERSION = YES;
				GCC_WARN_ABOUT_RETURN_TYPE = YES_ERROR;
				GCC_WARN_UNDECLARED_SELECTOR = YES;
				GCC_WARN_UNINITIALIZED_AUTOS = YES_AGGRESSIVE;
				GCC_WARN_UNUSED_FUNCTION = YES;
				GCC_WARN_UNUSED_VARIABLE = YES;
				IPHONEOS_DEPLOYMENT_TARGET = 13.5;
				MTL_ENABLE_DEBUG_INFO = NO;
				MTL_FAST_MATH = YES;
				SDKROOT = iphoneos;
				VALIDATE_PRODUCT = YES;
			};
			name = Release;
		};
		47CFB59624B9F0A7000F20FF /* Debug */ = {
			isa = XCBuildConfiguration;
			baseConfigurationReference = 601DE5D5BF92BF8B84AAA879 /* Pods-Singapore Travel Mate.debug.xcconfig */;
			buildSettings = {
				ASSETCATALOG_COMPILER_APPICON_NAME = AppIcon;
				CODE_SIGN_STYLE = Automatic;
				DEVELOPMENT_TEAM = X4LU5V6TD3;
				INFOPLIST_FILE = "Singapore Travel Mate/Info.plist";
				LD_RUNPATH_SEARCH_PATHS = (
					"$(inherited)",
					"@executable_path/Frameworks",
				);
				PRODUCT_BUNDLE_IDENTIFIER = "com.shrikantchidgopkar.psb.Singapore-Travel-Mate";
				PRODUCT_NAME = "$(TARGET_NAME)";
				TARGETED_DEVICE_FAMILY = "1,2";
			};
			name = Debug;
		};
		47CFB59724B9F0A7000F20FF /* Release */ = {
			isa = XCBuildConfiguration;
			baseConfigurationReference = DE397E75C69724BB54145144 /* Pods-Singapore Travel Mate.release.xcconfig */;
			buildSettings = {
				ASSETCATALOG_COMPILER_APPICON_NAME = AppIcon;
				CODE_SIGN_STYLE = Automatic;
				DEVELOPMENT_TEAM = X4LU5V6TD3;
				INFOPLIST_FILE = "Singapore Travel Mate/Info.plist";
				LD_RUNPATH_SEARCH_PATHS = (
					"$(inherited)",
					"@executable_path/Frameworks",
				);
				PRODUCT_BUNDLE_IDENTIFIER = "com.shrikantchidgopkar.psb.Singapore-Travel-Mate";
				PRODUCT_NAME = "$(TARGET_NAME)";
				TARGETED_DEVICE_FAMILY = "1,2";
			};
			name = Release;
		};
		47CFB59924B9F0A7000F20FF /* Debug */ = {
			isa = XCBuildConfiguration;
			baseConfigurationReference = F40C28ACA6E853BBF6B28F24 /* Pods-Singapore Travel MateTests.debug.xcconfig */;
			buildSettings = {
				BUNDLE_LOADER = "$(TEST_HOST)";
				CODE_SIGN_STYLE = Automatic;
				DEVELOPMENT_TEAM = X4LU5V6TD3;
				INFOPLIST_FILE = "Singapore Travel MateTests/Info.plist";
				IPHONEOS_DEPLOYMENT_TARGET = 13.5;
				LD_RUNPATH_SEARCH_PATHS = (
					"$(inherited)",
					"@executable_path/Frameworks",
					"@loader_path/Frameworks",
				);
				PRODUCT_BUNDLE_IDENTIFIER = "com.shrikantchidgopkar.psb.Singapore-Travel-MateTests";
				PRODUCT_NAME = "$(TARGET_NAME)";
				TARGETED_DEVICE_FAMILY = "1,2";
				TEST_HOST = "$(BUILT_PRODUCTS_DIR)/Singapore Travel Mate.app/Singapore Travel Mate";
			};
			name = Debug;
		};
		47CFB59A24B9F0A7000F20FF /* Release */ = {
			isa = XCBuildConfiguration;
			baseConfigurationReference = F3AB011A3DA6A159F0BF4466 /* Pods-Singapore Travel MateTests.release.xcconfig */;
			buildSettings = {
				BUNDLE_LOADER = "$(TEST_HOST)";
				CODE_SIGN_STYLE = Automatic;
				DEVELOPMENT_TEAM = X4LU5V6TD3;
				INFOPLIST_FILE = "Singapore Travel MateTests/Info.plist";
				IPHONEOS_DEPLOYMENT_TARGET = 13.5;
				LD_RUNPATH_SEARCH_PATHS = (
					"$(inherited)",
					"@executable_path/Frameworks",
					"@loader_path/Frameworks",
				);
				PRODUCT_BUNDLE_IDENTIFIER = "com.shrikantchidgopkar.psb.Singapore-Travel-MateTests";
				PRODUCT_NAME = "$(TARGET_NAME)";
				TARGETED_DEVICE_FAMILY = "1,2";
				TEST_HOST = "$(BUILT_PRODUCTS_DIR)/Singapore Travel Mate.app/Singapore Travel Mate";
			};
			name = Release;
		};
		47CFB59C24B9F0A7000F20FF /* Debug */ = {
			isa = XCBuildConfiguration;
			baseConfigurationReference = 669E2EDAE25B7475EB43487D /* Pods-Singapore Travel Mate-Singapore Travel MateUITests.debug.xcconfig */;
			buildSettings = {
				CODE_SIGN_STYLE = Automatic;
				DEVELOPMENT_TEAM = X4LU5V6TD3;
				INFOPLIST_FILE = "Singapore Travel MateUITests/Info.plist";
				LD_RUNPATH_SEARCH_PATHS = (
					"$(inherited)",
					"@executable_path/Frameworks",
					"@loader_path/Frameworks",
				);
				PRODUCT_BUNDLE_IDENTIFIER = "com.shrikantchidgopkar.psb.Singapore-Travel-MateUITests";
				PRODUCT_NAME = "$(TARGET_NAME)";
				TARGETED_DEVICE_FAMILY = "1,2";
				TEST_TARGET_NAME = "Singapore Travel Mate";
			};
			name = Debug;
		};
		47CFB59D24B9F0A7000F20FF /* Release */ = {
			isa = XCBuildConfiguration;
			baseConfigurationReference = CC8A2E0E87E9B191A2E94214 /* Pods-Singapore Travel Mate-Singapore Travel MateUITests.release.xcconfig */;
			buildSettings = {
				CODE_SIGN_STYLE = Automatic;
				DEVELOPMENT_TEAM = X4LU5V6TD3;
				INFOPLIST_FILE = "Singapore Travel MateUITests/Info.plist";
				LD_RUNPATH_SEARCH_PATHS = (
					"$(inherited)",
					"@executable_path/Frameworks",
					"@loader_path/Frameworks",
				);
				PRODUCT_BUNDLE_IDENTIFIER = "com.shrikantchidgopkar.psb.Singapore-Travel-MateUITests";
				PRODUCT_NAME = "$(TARGET_NAME)";
				TARGETED_DEVICE_FAMILY = "1,2";
				TEST_TARGET_NAME = "Singapore Travel Mate";
			};
			name = Release;
		};
/* End XCBuildConfiguration section */

/* Begin XCConfigurationList section */
		47CFB56124B9F09C000F20FF /* Build configuration list for PBXProject "Singapore Travel Mate" */ = {
			isa = XCConfigurationList;
			buildConfigurations = (
				47CFB59324B9F0A7000F20FF /* Debug */,
				47CFB59424B9F0A7000F20FF /* Release */,
			);
			defaultConfigurationIsVisible = 0;
			defaultConfigurationName = Release;
		};
		47CFB59524B9F0A7000F20FF /* Build configuration list for PBXNativeTarget "Singapore Travel Mate" */ = {
			isa = XCConfigurationList;
			buildConfigurations = (
				47CFB59624B9F0A7000F20FF /* Debug */,
				47CFB59724B9F0A7000F20FF /* Release */,
			);
			defaultConfigurationIsVisible = 0;
			defaultConfigurationName = Release;
		};
		47CFB59824B9F0A7000F20FF /* Build configuration list for PBXNativeTarget "Singapore Travel MateTests" */ = {
			isa = XCConfigurationList;
			buildConfigurations = (
				47CFB59924B9F0A7000F20FF /* Debug */,
				47CFB59A24B9F0A7000F20FF /* Release */,
			);
			defaultConfigurationIsVisible = 0;
			defaultConfigurationName = Release;
		};
		47CFB59B24B9F0A7000F20FF /* Build configuration list for PBXNativeTarget "Singapore Travel MateUITests" */ = {
			isa = XCConfigurationList;
			buildConfigurations = (
				47CFB59C24B9F0A7000F20FF /* Debug */,
				47CFB59D24B9F0A7000F20FF /* Release */,
			);
			defaultConfigurationIsVisible = 0;
			defaultConfigurationName = Release;
		};
/* End XCConfigurationList section */
	};
	rootObject = 47CFB55E24B9F09C000F20FF /* Project object */;
}
